<?xml version="1.0" encoding="utf-8"?>
<Project ToolsVersion="4.0" xmlns="http://schemas.microsoft.com/developer/msbuild/2003">
  <ItemGroup>
    <Filter Include="Header Files">
      <UniqueIdentifier>{93995380-89BD-4b04-88EB-625FBE52EBFB}</UniqueIdentifier>
      <Extensions>h;hh;hpp;hxx;hm;inl;inc;xsd</Extensions>
    </Filter>
    <Filter Include="Sensors">
      <UniqueIdentifier>{f2d7bd0a-e0d6-4e9b-aa7b-a9acc483c545}</UniqueIdentifier>
    </Filter>
    <Filter Include="Movement">
      <UniqueIdentifier>{02ba8c5d-5f03-42e9-9610-ddf843bf6800}</UniqueIdentifier>
    </Filter>
  </ItemGroup>
  <ItemGroup>
    <None Include="Vaccum.Arduino.ino" />
  </ItemGroup>
  <ItemGroup>
    <ClInclude Include="__vm\.Vaccum.Arduino.vsarduino.h">
      <Filter>Header Files</Filter>
    </ClInclude>
    <ClInclude Include="Sensors\UltrasoundSensor.h">
      <Filter>Sensors</Filter>
    </ClInclude>
    <ClInclude Include="Movement\Motor.h">
      <Filter>Movement</Filter>
    </ClInclude>
  </ItemGroup>
</Project>